<?xml version="1.0" encoding="utf-8"?>
<Project ToolsVersion="4.0" xmlns="http://schemas.microsoft.com/developer/msbuild/2003">
  <ItemGroup>
    <Filter Include="base">
      <UniqueIdentifier>{40110727-453c-4d59-b48b-9277765c6bda}</UniqueIdentifier>
    </Filter>
    <Filter Include="framework">
      <UniqueIdentifier>{6c30d0e6-f679-4bc0-8970-a2f81bdda0c1}</UniqueIdentifier>
    </Filter>
    <Filter Include="include">
      <UniqueIdentifier>{06ca0b91-15f5-4315-be52-5c417ab4b1e3}</UniqueIdentifier>
    </Filter>
    <Filter Include="texture">
      <UniqueIdentifier>{fa53612e-2171-4eea-9b37-ef9459263035}</UniqueIdentifier>
    </Filter>
  </ItemGroup>
  <ItemGroup>
    <ClCompile Include="..\src\AppDelegate.cpp" />
    <ClCompile Include="..\src\Main.cpp" />
    <ClCompile Include="..\src\base\Charset.cpp">
      <Filter>base</Filter>
    </ClCompile>
    <ClCompile Include="..\src\base\File.cpp">
      <Filter>base</Filter>
    </ClCompile>
    <ClCompile Include="..\src\base\Log.cpp">
      <Filter>base</Filter>
    </ClCompile>
    <ClCompile Include="..\src\base\Vector.cpp">
      <Filter>base</Filter>
    </ClCompile>
    <ClCompile Include="..\src\framework\Camera.cpp">
      <Filter>framework</Filter>
    </ClCompile>
    <ClCompile Include="..\src\framework\GLFont.cpp">
      <Filter>framework</Filter>
    </ClCompile>
    <ClCompile Include="..\src\framework\Mouse.cpp">
      <Filter>framework</Filter>
    </ClCompile>
    <ClCompile Include="..\src\framework\SkyBox.cpp">
      <Filter>framework</Filter>
    </ClCompile>
    <ClCompile Include="..\src\framework\Terrain.cpp">
      <Filter>framework</Filter>
    </ClCompile>
    <ClCompile Include="..\src\framework\Win32.cpp">
      <Filter>framework</Filter>
    </ClCompile>
    <ClCompile Include="..\src\framework\Application.cpp">
      <Filter>framework</Filter>
    </ClCompile>
    <ClCompile Include="..\src\texture\BMPLoader.cpp">
      <Filter>texture</Filter>
    </ClCompile>
    <ClCompile Include="..\src\texture\TGALoader.cpp">
      <Filter>texture</Filter>
    </ClCompile>
  </ItemGroup>
  <ItemGroup>
    <ClInclude Include="..\src\AppDelegate.h" />
    <ClInclude Include="..\src\base\Charset.h">
      <Filter>base</Filter>
    </ClInclude>
    <ClInclude Include="..\src\base\File.h">
      <Filter>base</Filter>
    </ClInclude>
    <ClInclude Include="..\src\base\Log.h">
      <Filter>base</Filter>
    </ClInclude>
    <ClInclude Include="..\src\base\Vector.h">
      <Filter>base</Filter>
    </ClInclude>
    <ClInclude Include="..\src\framework\Application.h">
      <Filter>framework</Filter>
    </ClInclude>
    <ClInclude Include="..\src\framework\Camera.h">
      <Filter>framework</Filter>
    </ClInclude>
    <ClInclude Include="..\src\framework\GLFont.h">
      <Filter>framework</Filter>
    </ClInclude>
    <ClInclude Include="..\src\framework\Mouse.h">
      <Filter>framework</Filter>
    </ClInclude>
    <ClInclude Include="..\src\framework\SkyBox.h">
      <Filter>framework</Filter>
    </ClInclude>
    <ClInclude Include="..\src\framework\Terrain.h">
      <Filter>framework</Filter>
    </ClInclude>
    <ClInclude Include="..\src\framework\Win32.h">
      <Filter>framework</Filter>
    </ClInclude>
    <ClInclude Include="..\src\include\GlobalDef.h">
      <Filter>include</Filter>
    </ClInclude>
    <ClInclude Include="..\src\include\Macros.h">
      <Filter>include</Filter>
    </ClInclude>
    <ClInclude Include="..\src\include\Base.h">
      <Filter>include</Filter>
    </ClInclude>
    <ClInclude Include="..\src\texture\BMPLoader.h">
      <Filter>texture</Filter>
    </ClInclude>
    <ClInclude Include="..\src\texture\TGALoader.h">
      <Filter>texture</Filter>
    </ClInclude>
  </ItemGroup>
</Project>